
Microsoft Visual Studio Solution File, Format Version 12.00
Project("{2150E333-8FDC-42A3-9474-1A3956D46DE8}") = "src", "src", "{3285A7C5-103E-4F7D-BC74-B622693C4062}"
EndProject
Project("{FAE04EC0-301F-11D3-BF4B-00C04F79EFBC}") = "FixItApp.Infrastructure", "src\FixItApp.Infrastructure\FixItApp.Infrastructure.csproj", "{4294D1FD-6C28-4393-903E-05389DE4A515}"
EndProject
Project("{FAE04EC0-301F-11D3-BF4B-00C04F79EFBC}") = "FixItApp.ApplicationCore", "src\FixItApp.ApplicationCore\FixItApp.ApplicationCore.csproj", "{C4C5FB75-31FB-4110-9555-5B6F745D09C4}"
EndProject
Project("{2150E333-8FDC-42A3-9474-1A3956D46DE8}") = "test", "test", "{A53C6623-CC7D-4205-BB56-D98B78F3F149}"
EndProject
Project("{FAE04EC0-301F-11D3-BF4B-00C04F79EFBC}") = "FixItApp.ConsoleApplication", "test\FixItApp.ConsoleApplication\FixItApp.ConsoleApplication.csproj", "{29CBA078-0210-487E-ABD4-786C89574865}"
EndProject
Global
	GlobalSection(SolutionConfigurationPlatforms) = preSolution
		Debug|Any CPU = Debug|Any CPU
		Release|Any CPU = Release|Any CPU
	EndGlobalSection
	GlobalSection(NestedProjects) = preSolution
		{4294D1FD-6C28-4393-903E-05389DE4A515} = {3285A7C5-103E-4F7D-BC74-B622693C4062}
		{C4C5FB75-31FB-4110-9555-5B6F745D09C4} = {3285A7C5-103E-4F7D-BC74-B622693C4062}
		{29CBA078-0210-487E-ABD4-786C89574865} = {A53C6623-CC7D-4205-BB56-D98B78F3F149}
	EndGlobalSection
	GlobalSection(ProjectConfigurationPlatforms) = postSolution
		{4294D1FD-6C28-4393-903E-05389DE4A515}.Debug|Any CPU.ActiveCfg = Debug|Any CPU
		{4294D1FD-6C28-4393-903E-05389DE4A515}.Debug|Any CPU.Build.0 = Debug|Any CPU
		{4294D1FD-6C28-4393-903E-05389DE4A515}.Release|Any CPU.ActiveCfg = Release|Any CPU
		{4294D1FD-6C28-4393-903E-05389DE4A515}.Release|Any CPU.Build.0 = Release|Any CPU
		{C4C5FB75-31FB-4110-9555-5B6F745D09C4}.Debug|Any CPU.ActiveCfg = Debug|Any CPU
		{C4C5FB75-31FB-4110-9555-5B6F745D09C4}.Debug|Any CPU.Build.0 = Debug|Any CPU
		{C4C5FB75-31FB-4110-9555-5B6F745D09C4}.Release|Any CPU.ActiveCfg = Release|Any CPU
		{C4C5FB75-31FB-4110-9555-5B6F745D09C4}.Release|Any CPU.Build.0 = Release|Any CPU
		{29CBA078-0210-487E-ABD4-786C89574865}.Debug|Any CPU.ActiveCfg = Debug|Any CPU
		{29CBA078-0210-487E-ABD4-786C89574865}.Debug|Any CPU.Build.0 = Debug|Any CPU
		{29CBA078-0210-487E-ABD4-786C89574865}.Release|Any CPU.ActiveCfg = Release|Any CPU
		{29CBA078-0210-487E-ABD4-786C89574865}.Release|Any CPU.Build.0 = Release|Any CPU
	EndGlobalSection
EndGlobal
